
Microsoft Visual Studio Solution File, Format Version 12.00
# Visual Studio Version 16
VisualStudioVersion = 16.0.29613.14
MinimumVisualStudioVersion = 10.0.40219.1
Project("{FAE04EC0-301F-11D3-BF4B-00C04F79EFBC}") = "GetCusJoWebApp", "GetCusJoWebApp\GetCusJoWebApp.csproj", "{ADA47910-C739-438E-BCB8-35C0F78F9E70}"
EndProject
Global
	GlobalSection(SolutionConfigurationPlatforms) = preSolution
		Debug|Any CPU = Debug|Any CPU
		Release|Any CPU = Release|Any CPU
	EndGlobalSection
	GlobalSection(ProjectConfigurationPlatforms) = postSolution
		{ADA47910-C739-438E-BCB8-35C0F78F9E70}.Debug|Any CPU.ActiveCfg = Debug|Any CPU
		{ADA47910-C739-438E-BCB8-35C0F78F9E70}.Debug|Any CPU.Build.0 = Debug|Any CPU
		{ADA47910-C739-438E-BCB8-35C0F78F9E70}.Release|Any CPU.ActiveCfg = Release|Any CPU
		{ADA47910-C739-438E-BCB8-35C0F78F9E70}.Release|Any CPU.Build.0 = Release|Any CPU
	EndGlobalSection
	GlobalSection(SolutionProperties) = preSolution
		HideSolutionNode = FALSE
	EndGlobalSection
	GlobalSection(ExtensibilityGlobals) = postSolution
		SolutionGuid = {76FC0F25-A86C-447B-8243-DDA29112B109}
	EndGlobalSection
EndGlobal
